{
  "name": "chat",
  "lockfileVersion": 3,
  "requires": true,
  "packages": {
    "": {
      "name": "chat",
      "workspaces": [
        "packages/mobile-client",
        "packages/core"
      ]
    },
    "node_modules/core": {
      "resolved": "packages/core",
      "link": true
    },
    "node_modules/mobile-client": {
      "resolved": "packages/mobile-client",
      "link": true
    },
    "packages/core": {},
    "packages/mobile-client": {}
  }
}
